
Microsoft Visual Studio Solution File, Format Version 12.00
# Visual Studio Version 17
VisualStudioVersion = 17.3.32901.215
MinimumVisualStudioVersion = 10.0.40219.1
Project("{2150E333-8FDC-42A3-9474-1A3956D46DE8}") = "Services", "Services", "{893998B2-5300-467E-8002-2D32A291D910}"
EndProject
Project("{2150E333-8FDC-42A3-9474-1A3956D46DE8}") = "Catalog", "Catalog", "{F555C431-5FCD-439A-B3A7-664C77F0A09E}"
EndProject
Project("{9A19103F-16F7-4668-BE54-9A1E7A4F7556}") = "Catalog.API", "Services\Catalog\Catalog.API\Catalog.API.csproj", "{FC1CC309-F8EF-44CC-8AE4-89162F276239}"
EndProject
Project("{E53339B2-1760-4266-BCC7-CA923CBCF16C}") = "docker-compose", "docker-compose.dcproj", "{18F2A931-825F-4D17-828C-078CC7EAB8AC}"
EndProject
Project("{2150E333-8FDC-42A3-9474-1A3956D46DE8}") = "Basket", "Basket", "{18EE6742-78BF-47BF-9DDE-AB3EEF22D472}"
EndProject
Project("{FAE04EC0-301F-11D3-BF4B-00C04F79EFBC}") = "Basket.API", "..\Services\Basket\Basket.API\Basket.API.csproj", "{5A7431F6-6135-461A-A02E-93A23C0AC040}"
EndProject
Global
	GlobalSection(SolutionConfigurationPlatforms) = preSolution
		Debug|Any CPU = Debug|Any CPU
		Release|Any CPU = Release|Any CPU
	EndGlobalSection
	GlobalSection(ProjectConfigurationPlatforms) = postSolution
		{FC1CC309-F8EF-44CC-8AE4-89162F276239}.Debug|Any CPU.ActiveCfg = Debug|Any CPU
		{FC1CC309-F8EF-44CC-8AE4-89162F276239}.Debug|Any CPU.Build.0 = Debug|Any CPU
		{FC1CC309-F8EF-44CC-8AE4-89162F276239}.Release|Any CPU.ActiveCfg = Release|Any CPU
		{FC1CC309-F8EF-44CC-8AE4-89162F276239}.Release|Any CPU.Build.0 = Release|Any CPU
		{18F2A931-825F-4D17-828C-078CC7EAB8AC}.Debug|Any CPU.ActiveCfg = Debug|Any CPU
		{18F2A931-825F-4D17-828C-078CC7EAB8AC}.Debug|Any CPU.Build.0 = Debug|Any CPU
		{18F2A931-825F-4D17-828C-078CC7EAB8AC}.Release|Any CPU.ActiveCfg = Release|Any CPU
		{18F2A931-825F-4D17-828C-078CC7EAB8AC}.Release|Any CPU.Build.0 = Release|Any CPU
		{5A7431F6-6135-461A-A02E-93A23C0AC040}.Debug|Any CPU.ActiveCfg = Debug|Any CPU
		{5A7431F6-6135-461A-A02E-93A23C0AC040}.Debug|Any CPU.Build.0 = Debug|Any CPU
		{5A7431F6-6135-461A-A02E-93A23C0AC040}.Release|Any CPU.ActiveCfg = Release|Any CPU
		{5A7431F6-6135-461A-A02E-93A23C0AC040}.Release|Any CPU.Build.0 = Release|Any CPU
	EndGlobalSection
	GlobalSection(SolutionProperties) = preSolution
		HideSolutionNode = FALSE
	EndGlobalSection
	GlobalSection(NestedProjects) = preSolution
		{F555C431-5FCD-439A-B3A7-664C77F0A09E} = {893998B2-5300-467E-8002-2D32A291D910}
		{FC1CC309-F8EF-44CC-8AE4-89162F276239} = {F555C431-5FCD-439A-B3A7-664C77F0A09E}
		{18EE6742-78BF-47BF-9DDE-AB3EEF22D472} = {893998B2-5300-467E-8002-2D32A291D910}
		{5A7431F6-6135-461A-A02E-93A23C0AC040} = {18EE6742-78BF-47BF-9DDE-AB3EEF22D472}
	EndGlobalSection
	GlobalSection(ExtensibilityGlobals) = postSolution
		SolutionGuid = {60FDB9A9-4BF2-4101-AAAA-EE0EE641B758}
	EndGlobalSection
EndGlobal
